
Microsoft Visual Studio Solution File, Format Version 12.00
# Visual Studio Version 16
VisualStudioVersion = 16.0.32407.337
MinimumVisualStudioVersion = 10.0.40219.1
Project("{FAE04EC0-301F-11D3-BF4B-00C04F79EFBC}") = "AdamAsmaca", "AdamAsmaca\AdamAsmaca.csproj", "{5F48CC17-BB7A-4748-A2B7-F3245A9434F9}"
EndProject
Global
	GlobalSection(SolutionConfigurationPlatforms) = preSolution
		Debug|Any CPU = Debug|Any CPU
		Release|Any CPU = Release|Any CPU
	EndGlobalSection
	GlobalSection(ProjectConfigurationPlatforms) = postSolution
		{5F48CC17-BB7A-4748-A2B7-F3245A9434F9}.Debug|Any CPU.ActiveCfg = Debug|Any CPU
		{5F48CC17-BB7A-4748-A2B7-F3245A9434F9}.Debug|Any CPU.Build.0 = Debug|Any CPU
		{5F48CC17-BB7A-4748-A2B7-F3245A9434F9}.Release|Any CPU.ActiveCfg = Release|Any CPU
		{5F48CC17-BB7A-4748-A2B7-F3245A9434F9}.Release|Any CPU.Build.0 = Release|Any CPU
	EndGlobalSection
	GlobalSection(SolutionProperties) = preSolution
		HideSolutionNode = FALSE
	EndGlobalSection
	GlobalSection(ExtensibilityGlobals) = postSolution
		SolutionGuid = {439F6B81-D101-40D3-9475-A278CC9DEDED}
	EndGlobalSection
EndGlobal
