
Microsoft Visual Studio Solution File, Format Version 12.00
# Visual Studio Version 16
VisualStudioVersion = 16.0.31911.196
MinimumVisualStudioVersion = 10.0.40219.1
Project("{FAE04EC0-301F-11D3-BF4B-00C04F79EFBC}") = "ClassVSObject", "ClassVSObject\ClassVSObject.csproj", "{DAB3C25F-9CFA-4839-B0E2-404CE3D6E015}"
EndProject
Global
	GlobalSection(SolutionConfigurationPlatforms) = preSolution
		Debug|Any CPU = Debug|Any CPU
		Release|Any CPU = Release|Any CPU
	EndGlobalSection
	GlobalSection(ProjectConfigurationPlatforms) = postSolution
		{DAB3C25F-9CFA-4839-B0E2-404CE3D6E015}.Debug|Any CPU.ActiveCfg = Debug|Any CPU
		{DAB3C25F-9CFA-4839-B0E2-404CE3D6E015}.Debug|Any CPU.Build.0 = Debug|Any CPU
		{DAB3C25F-9CFA-4839-B0E2-404CE3D6E015}.Release|Any CPU.ActiveCfg = Release|Any CPU
		{DAB3C25F-9CFA-4839-B0E2-404CE3D6E015}.Release|Any CPU.Build.0 = Release|Any CPU
	EndGlobalSection
	GlobalSection(SolutionProperties) = preSolution
		HideSolutionNode = FALSE
	EndGlobalSection
	GlobalSection(ExtensibilityGlobals) = postSolution
		SolutionGuid = {4B3F053C-749B-46CA-BD2D-6C4D9544A3C9}
	EndGlobalSection
EndGlobal
