
Microsoft Visual Studio Solution File, Format Version 12.00
# Visual Studio Version 16
VisualStudioVersion = 16.0.31911.196
MinimumVisualStudioVersion = 10.0.40219.1
Project("{FAE04EC0-301F-11D3-BF4B-00C04F79EFBC}") = "Encapsulation", "Encapsulation\Encapsulation.csproj", "{EBA229E8-D02D-4534-8725-3373C0977239}"
EndProject
Global
	GlobalSection(SolutionConfigurationPlatforms) = preSolution
		Debug|Any CPU = Debug|Any CPU
		Release|Any CPU = Release|Any CPU
	EndGlobalSection
	GlobalSection(ProjectConfigurationPlatforms) = postSolution
		{EBA229E8-D02D-4534-8725-3373C0977239}.Debug|Any CPU.ActiveCfg = Debug|Any CPU
		{EBA229E8-D02D-4534-8725-3373C0977239}.Debug|Any CPU.Build.0 = Debug|Any CPU
		{EBA229E8-D02D-4534-8725-3373C0977239}.Release|Any CPU.ActiveCfg = Release|Any CPU
		{EBA229E8-D02D-4534-8725-3373C0977239}.Release|Any CPU.Build.0 = Release|Any CPU
	EndGlobalSection
	GlobalSection(SolutionProperties) = preSolution
		HideSolutionNode = FALSE
	EndGlobalSection
	GlobalSection(ExtensibilityGlobals) = postSolution
		SolutionGuid = {484EB7C7-6B3A-4911-AAA3-578CC96E0049}
	EndGlobalSection
EndGlobal
